
Microsoft Visual Studio Solution File, Format Version 12.00
# Visual Studio 15
VisualStudioVersion = 15.0.27703.2035
MinimumVisualStudioVersion = 10.0.40219.1
Project("{9A19103F-16F7-4668-BE54-9A1E7A4F7556}") = "Manager.Core", "Manager.Core\Manager.Core.csproj", "{3A521E8C-6227-48BD-ABCC-3D5A55FADF02}"
EndProject
Project("{9A19103F-16F7-4668-BE54-9A1E7A4F7556}") = "Manager.Data", "Manager.Data\Manager.Data.csproj", "{B376AC4C-595B-453C-AA40-AF97EE21BA6A}"
EndProject
Project("{9A19103F-16F7-4668-BE54-9A1E7A4F7556}") = "Manager.Services", "Manager.Services\Manager.Services.csproj", "{6944219A-49E7-46C3-A0A4-3E9AEEB86B99}"
EndProject
Project("{9A19103F-16F7-4668-BE54-9A1E7A4F7556}") = "Manager.Test", "Manager.Test\Manager.Test.csproj", "{0D2BAC29-A0C9-46CB-BECC-E974251619AF}"
EndProject
Project("{9A19103F-16F7-4668-BE54-9A1E7A4F7556}") = "Manager", "Manager\Manager.csproj", "{0D793A4C-3484-48EA-BAD9-869D9D98D24E}"
EndProject
Project("{9A19103F-16F7-4668-BE54-9A1E7A4F7556}") = "Tools", "Tools\Tools.csproj", "{AEFC8403-FCF7-4EE4-AED0-77636C1E33A1}"
EndProject
Project("{9A19103F-16F7-4668-BE54-9A1E7A4F7556}") = "Mail", "Mail\Mail.csproj", "{91D2313E-84DD-4F80-BF9A-9406D0E58007}"
EndProject
Project("{9A19103F-16F7-4668-BE54-9A1E7A4F7556}") = "Attachment", "Attachment\Attachment.csproj", "{38AC6C5B-0A73-41EF-83A7-016283095792}"
EndProject
Project("{9A19103F-16F7-4668-BE54-9A1E7A4F7556}") = "IntegrationServer", "IntegrationServer\IntegrationServer.csproj", "{0CE7F8E5-DBBA-4BA5-B806-2D58CCCBDD76}"
EndProject
Project("{FAE04EC0-301F-11D3-BF4B-00C04F79EFBC}") = "IntegrationService", "IntegrationService\IntegrationService.csproj", "{98D502D9-363E-4CC1-A1D0-7231D52A191A}"
EndProject
Project("{FAE04EC0-301F-11D3-BF4B-00C04F79EFBC}") = "IntegrationClient", "IntegrationClient\IntegrationClient.csproj", "{BF973A06-014A-4252-95ED-E0195E3760D0}"
EndProject
Project("{FAE04EC0-301F-11D3-BF4B-00C04F79EFBC}") = "DatabaseTools", "DatabaseTools\DatabaseTools.csproj", "{6F01A93C-CB02-4DE1-AC2D-EA5FC7DFBC13}"
EndProject
Project("{9A19103F-16F7-4668-BE54-9A1E7A4F7556}") = "Manager.Views", "Manager.Views\Manager.Views.csproj", "{D83A6EB3-11A2-4CA1-BE09-FF56F3E94198}"
EndProject
Project("{9A19103F-16F7-4668-BE54-9A1E7A4F7556}") = "ManagerMessages", "ManagerMessages\ManagerMessages.csproj", "{B917FC9E-A8C2-4EC8-B81C-93DB0D8DA579}"
EndProject
Project("{9A19103F-16F7-4668-BE54-9A1E7A4F7556}") = "Indicators", "Indicators\Indicators.csproj", "{BFC3190C-C772-49C4-A52D-AB98B806EF54}"
EndProject
Project("{FAE04EC0-301F-11D3-BF4B-00C04F79EFBC}") = "Training", "Training\Training.csproj", "{74187F16-12EB-4FE8-BC0F-8317BC2B1764}"
EndProject
Global
	GlobalSection(SolutionConfigurationPlatforms) = preSolution
		Debug|Any CPU = Debug|Any CPU
		Release|Any CPU = Release|Any CPU
	EndGlobalSection
	GlobalSection(ProjectConfigurationPlatforms) = postSolution
		{3A521E8C-6227-48BD-ABCC-3D5A55FADF02}.Debug|Any CPU.ActiveCfg = Debug|Any CPU
		{3A521E8C-6227-48BD-ABCC-3D5A55FADF02}.Debug|Any CPU.Build.0 = Debug|Any CPU
		{3A521E8C-6227-48BD-ABCC-3D5A55FADF02}.Release|Any CPU.ActiveCfg = Release|Any CPU
		{3A521E8C-6227-48BD-ABCC-3D5A55FADF02}.Release|Any CPU.Build.0 = Release|Any CPU
		{B376AC4C-595B-453C-AA40-AF97EE21BA6A}.Debug|Any CPU.ActiveCfg = Debug|Any CPU
		{B376AC4C-595B-453C-AA40-AF97EE21BA6A}.Debug|Any CPU.Build.0 = Debug|Any CPU
		{B376AC4C-595B-453C-AA40-AF97EE21BA6A}.Release|Any CPU.ActiveCfg = Release|Any CPU
		{B376AC4C-595B-453C-AA40-AF97EE21BA6A}.Release|Any CPU.Build.0 = Release|Any CPU
		{6944219A-49E7-46C3-A0A4-3E9AEEB86B99}.Debug|Any CPU.ActiveCfg = Debug|Any CPU
		{6944219A-49E7-46C3-A0A4-3E9AEEB86B99}.Debug|Any CPU.Build.0 = Debug|Any CPU
		{6944219A-49E7-46C3-A0A4-3E9AEEB86B99}.Release|Any CPU.ActiveCfg = Release|Any CPU
		{6944219A-49E7-46C3-A0A4-3E9AEEB86B99}.Release|Any CPU.Build.0 = Release|Any CPU
		{0D2BAC29-A0C9-46CB-BECC-E974251619AF}.Debug|Any CPU.ActiveCfg = Debug|Any CPU
		{0D2BAC29-A0C9-46CB-BECC-E974251619AF}.Debug|Any CPU.Build.0 = Debug|Any CPU
		{0D2BAC29-A0C9-46CB-BECC-E974251619AF}.Release|Any CPU.ActiveCfg = Release|Any CPU
		{0D2BAC29-A0C9-46CB-BECC-E974251619AF}.Release|Any CPU.Build.0 = Release|Any CPU
		{0D793A4C-3484-48EA-BAD9-869D9D98D24E}.Debug|Any CPU.ActiveCfg = Debug|Any CPU
		{0D793A4C-3484-48EA-BAD9-869D9D98D24E}.Debug|Any CPU.Build.0 = Debug|Any CPU
		{0D793A4C-3484-48EA-BAD9-869D9D98D24E}.Release|Any CPU.ActiveCfg = Release|Any CPU
		{0D793A4C-3484-48EA-BAD9-869D9D98D24E}.Release|Any CPU.Build.0 = Release|Any CPU
		{AEFC8403-FCF7-4EE4-AED0-77636C1E33A1}.Debug|Any CPU.ActiveCfg = Debug|Any CPU
		{AEFC8403-FCF7-4EE4-AED0-77636C1E33A1}.Debug|Any CPU.Build.0 = Debug|Any CPU
		{AEFC8403-FCF7-4EE4-AED0-77636C1E33A1}.Release|Any CPU.ActiveCfg = Release|Any CPU
		{AEFC8403-FCF7-4EE4-AED0-77636C1E33A1}.Release|Any CPU.Build.0 = Release|Any CPU
		{91D2313E-84DD-4F80-BF9A-9406D0E58007}.Debug|Any CPU.ActiveCfg = Debug|Any CPU
		{91D2313E-84DD-4F80-BF9A-9406D0E58007}.Debug|Any CPU.Build.0 = Debug|Any CPU
		{91D2313E-84DD-4F80-BF9A-9406D0E58007}.Release|Any CPU.ActiveCfg = Release|Any CPU
		{91D2313E-84DD-4F80-BF9A-9406D0E58007}.Release|Any CPU.Build.0 = Release|Any CPU
		{38AC6C5B-0A73-41EF-83A7-016283095792}.Debug|Any CPU.ActiveCfg = Debug|Any CPU
		{38AC6C5B-0A73-41EF-83A7-016283095792}.Debug|Any CPU.Build.0 = Debug|Any CPU
		{38AC6C5B-0A73-41EF-83A7-016283095792}.Release|Any CPU.ActiveCfg = Release|Any CPU
		{38AC6C5B-0A73-41EF-83A7-016283095792}.Release|Any CPU.Build.0 = Release|Any CPU
		{0CE7F8E5-DBBA-4BA5-B806-2D58CCCBDD76}.Debug|Any CPU.ActiveCfg = Debug|Any CPU
		{0CE7F8E5-DBBA-4BA5-B806-2D58CCCBDD76}.Debug|Any CPU.Build.0 = Debug|Any CPU
		{0CE7F8E5-DBBA-4BA5-B806-2D58CCCBDD76}.Release|Any CPU.ActiveCfg = Release|Any CPU
		{0CE7F8E5-DBBA-4BA5-B806-2D58CCCBDD76}.Release|Any CPU.Build.0 = Release|Any CPU
		{98D502D9-363E-4CC1-A1D0-7231D52A191A}.Debug|Any CPU.ActiveCfg = Debug|Any CPU
		{98D502D9-363E-4CC1-A1D0-7231D52A191A}.Debug|Any CPU.Build.0 = Debug|Any CPU
		{98D502D9-363E-4CC1-A1D0-7231D52A191A}.Release|Any CPU.ActiveCfg = Release|Any CPU
		{98D502D9-363E-4CC1-A1D0-7231D52A191A}.Release|Any CPU.Build.0 = Release|Any CPU
		{BF973A06-014A-4252-95ED-E0195E3760D0}.Debug|Any CPU.ActiveCfg = Debug|Any CPU
		{BF973A06-014A-4252-95ED-E0195E3760D0}.Debug|Any CPU.Build.0 = Debug|Any CPU
		{BF973A06-014A-4252-95ED-E0195E3760D0}.Release|Any CPU.ActiveCfg = Release|Any CPU
		{BF973A06-014A-4252-95ED-E0195E3760D0}.Release|Any CPU.Build.0 = Release|Any CPU
		{6F01A93C-CB02-4DE1-AC2D-EA5FC7DFBC13}.Debug|Any CPU.ActiveCfg = Debug|Any CPU
		{6F01A93C-CB02-4DE1-AC2D-EA5FC7DFBC13}.Debug|Any CPU.Build.0 = Debug|Any CPU
		{6F01A93C-CB02-4DE1-AC2D-EA5FC7DFBC13}.Release|Any CPU.ActiveCfg = Release|Any CPU
		{6F01A93C-CB02-4DE1-AC2D-EA5FC7DFBC13}.Release|Any CPU.Build.0 = Release|Any CPU
		{D83A6EB3-11A2-4CA1-BE09-FF56F3E94198}.Debug|Any CPU.ActiveCfg = Debug|Any CPU
		{D83A6EB3-11A2-4CA1-BE09-FF56F3E94198}.Debug|Any CPU.Build.0 = Debug|Any CPU
		{D83A6EB3-11A2-4CA1-BE09-FF56F3E94198}.Release|Any CPU.ActiveCfg = Release|Any CPU
		{D83A6EB3-11A2-4CA1-BE09-FF56F3E94198}.Release|Any CPU.Build.0 = Release|Any CPU
		{B917FC9E-A8C2-4EC8-B81C-93DB0D8DA579}.Debug|Any CPU.ActiveCfg = Debug|Any CPU
		{B917FC9E-A8C2-4EC8-B81C-93DB0D8DA579}.Debug|Any CPU.Build.0 = Debug|Any CPU
		{B917FC9E-A8C2-4EC8-B81C-93DB0D8DA579}.Release|Any CPU.ActiveCfg = Release|Any CPU
		{B917FC9E-A8C2-4EC8-B81C-93DB0D8DA579}.Release|Any CPU.Build.0 = Release|Any CPU
		{BFC3190C-C772-49C4-A52D-AB98B806EF54}.Debug|Any CPU.ActiveCfg = Debug|Any CPU
		{BFC3190C-C772-49C4-A52D-AB98B806EF54}.Debug|Any CPU.Build.0 = Debug|Any CPU
		{BFC3190C-C772-49C4-A52D-AB98B806EF54}.Release|Any CPU.ActiveCfg = Release|Any CPU
		{BFC3190C-C772-49C4-A52D-AB98B806EF54}.Release|Any CPU.Build.0 = Release|Any CPU
		{74187F16-12EB-4FE8-BC0F-8317BC2B1764}.Debug|Any CPU.ActiveCfg = Debug|Any CPU
		{74187F16-12EB-4FE8-BC0F-8317BC2B1764}.Debug|Any CPU.Build.0 = Debug|Any CPU
		{74187F16-12EB-4FE8-BC0F-8317BC2B1764}.Release|Any CPU.ActiveCfg = Release|Any CPU
		{74187F16-12EB-4FE8-BC0F-8317BC2B1764}.Release|Any CPU.Build.0 = Release|Any CPU
	EndGlobalSection
	GlobalSection(SolutionProperties) = preSolution
		HideSolutionNode = FALSE
	EndGlobalSection
	GlobalSection(ExtensibilityGlobals) = postSolution
		SolutionGuid = {652480FB-6D43-496F-80F4-F3950B40D18A}
	EndGlobalSection
EndGlobal
